// !$*UTF8*$!
{
	archiveVersion = 1;
	classes = {
	};
	objectVersion = 56;
	objects = {

/* Begin PBXBuildFile section */
		6812CC5F2BBE925200B6AE3F /* iosApp.swift in Sources */ = {isa = PBXBuildFile; fileRef = 6812CC5E2BBE925200B6AE3F /* iosApp.swift */; };
		6812CC612BBE925200B6AE3F /* ContentContainer.swift in Sources */ = {isa = PBXBuildFile; fileRef = 6812CC602BBE925200B6AE3F /* ContentContainer.swift */; };
		6812CC632BBE925300B6AE3F /* Assets.xcassets in Resources */ = {isa = PBXBuildFile; fileRef = 6812CC622BBE925300B6AE3F /* Assets.xcassets */; };
		6812CC672BBE925300B6AE3F /* Preview Assets.xcassets in Resources */ = {isa = PBXBuildFile; fileRef = 6812CC662BBE925300B6AE3F /* Preview Assets.xcassets */; };
		6812CC912BBE92BA00B6AE3F /* Product.swift in Sources */ = {isa = PBXBuildFile; fileRef = 6812CC892BBE92BA00B6AE3F /* Product.swift */; };
		6812CC922BBE92BA00B6AE3F /* MemoryProductRepository.swift in Sources */ = {isa = PBXBuildFile; fileRef = 6812CC8B2BBE92BA00B6AE3F /* MemoryProductRepository.swift */; };
		6812CC932BBE92BA00B6AE3F /* ProductRepository.swift in Sources */ = {isa = PBXBuildFile; fileRef = 6812CC8C2BBE92BA00B6AE3F /* ProductRepository.swift */; };
		6812CC942BBE92BA00B6AE3F /* ProductUseCase.swift in Sources */ = {isa = PBXBuildFile; fileRef = 6812CC8E2BBE92BA00B6AE3F /* ProductUseCase.swift */; };
		6812CC952BBE92BA00B6AE3F /* ProductUseCaseImpl.swift in Sources */ = {isa = PBXBuildFile; fileRef = 6812CC8F2BBE92BA00B6AE3F /* ProductUseCaseImpl.swift */; };
		6812CC972BBE937E00B6AE3F /* ProductUseCaseTest.swift in Sources */ = {isa = PBXBuildFile; fileRef = 6812CC962BBE937E00B6AE3F /* ProductUseCaseTest.swift */; };
		6812CC992BBE944600B6AE3F /* ProductInput.swift in Sources */ = {isa = PBXBuildFile; fileRef = 6812CC982BBE944600B6AE3F /* ProductInput.swift */; };
		68FD5C4D2BC3776E0063E785 /* ProductInputState.swift in Sources */ = {isa = PBXBuildFile; fileRef = 68FD5C4C2BC3776E0063E785 /* ProductInputState.swift */; };
		68FD5C552BC3DC260063E785 /* ListView.swift in Sources */ = {isa = PBXBuildFile; fileRef = 68FD5C542BC3DC260063E785 /* ListView.swift */; };
		68FD5C572BC3DC600063E785 /* SearchView.swift in Sources */ = {isa = PBXBuildFile; fileRef = 68FD5C562BC3DC600063E785 /* SearchView.swift */; };
		68FD5C592BC3DC820063E785 /* InputView.swift in Sources */ = {isa = PBXBuildFile; fileRef = 68FD5C582BC3DC820063E785 /* InputView.swift */; };
/* End PBXBuildFile section */

/* Begin PBXContainerItemProxy section */
		6812CC6D2BBE925300B6AE3F /* PBXContainerItemProxy */ = {
			isa = PBXContainerItemProxy;
			containerPortal = 6812CC532BBE925200B6AE3F /* Project object */;
			proxyType = 1;
			remoteGlobalIDString = 6812CC5A2BBE925200B6AE3F;
			remoteInfo = ios;
		};
/* End PBXContainerItemProxy section */

/* Begin PBXFileReference section */
		6812CC5B2BBE925200B6AE3F /* ios.app */ = {isa = PBXFileReference; explicitFileType = wrapper.application; includeInIndex = 0; path = ios.app; sourceTree = BUILT_PRODUCTS_DIR; };
		6812CC5E2BBE925200B6AE3F /* iosApp.swift */ = {isa = PBXFileReference; lastKnownFileType = sourcecode.swift; path = iosApp.swift; sourceTree = "<group>"; };
		6812CC602BBE925200B6AE3F /* ContentContainer.swift */ = {isa = PBXFileReference; lastKnownFileType = sourcecode.swift; path = ContentContainer.swift; sourceTree = "<group>"; };
		6812CC622BBE925300B6AE3F /* Assets.xcassets */ = {isa = PBXFileReference; lastKnownFileType = folder.assetcatalog; path = Assets.xcassets; sourceTree = "<group>"; };
		6812CC642BBE925300B6AE3F /* ios.entitlements */ = {isa = PBXFileReference; lastKnownFileType = text.plist.entitlements; path = ios.entitlements; sourceTree = "<group>"; };
		6812CC662BBE925300B6AE3F /* Preview Assets.xcassets */ = {isa = PBXFileReference; lastKnownFileType = folder.assetcatalog; path = "Preview Assets.xcassets"; sourceTree = "<group>"; };
		6812CC6C2BBE925300B6AE3F /* iosTests.xctest */ = {isa = PBXFileReference; explicitFileType = wrapper.cfbundle; includeInIndex = 0; path = iosTests.xctest; sourceTree = BUILT_PRODUCTS_DIR; };
		6812CC892BBE92BA00B6AE3F /* Product.swift */ = {isa = PBXFileReference; fileEncoding = 4; lastKnownFileType = sourcecode.swift; path = Product.swift; sourceTree = "<group>"; };
		6812CC8B2BBE92BA00B6AE3F /* MemoryProductRepository.swift */ = {isa = PBXFileReference; fileEncoding = 4; lastKnownFileType = sourcecode.swift; path = MemoryProductRepository.swift; sourceTree = "<group>"; };
		6812CC8C2BBE92BA00B6AE3F /* ProductRepository.swift */ = {isa = PBXFileReference; fileEncoding = 4; lastKnownFileType = sourcecode.swift; path = ProductRepository.swift; sourceTree = "<group>"; };
		6812CC8E2BBE92BA00B6AE3F /* ProductUseCase.swift */ = {isa = PBXFileReference; fileEncoding = 4; lastKnownFileType = sourcecode.swift; path = ProductUseCase.swift; sourceTree = "<group>"; };
		6812CC8F2BBE92BA00B6AE3F /* ProductUseCaseImpl.swift */ = {isa = PBXFileReference; fileEncoding = 4; lastKnownFileType = sourcecode.swift; path = ProductUseCaseImpl.swift; sourceTree = "<group>"; };
		6812CC962BBE937E00B6AE3F /* ProductUseCaseTest.swift */ = {isa = PBXFileReference; fileEncoding = 4; lastKnownFileType = sourcecode.swift; path = ProductUseCaseTest.swift; sourceTree = "<group>"; };
		6812CC982BBE944600B6AE3F /* ProductInput.swift */ = {isa = PBXFileReference; lastKnownFileType = sourcecode.swift; path = ProductInput.swift; sourceTree = "<group>"; };
		68FD5C4C2BC3776E0063E785 /* ProductInputState.swift */ = {isa = PBXFileReference; lastKnownFileType = sourcecode.swift; path = ProductInputState.swift; sourceTree = "<group>"; };
		68FD5C542BC3DC260063E785 /* ListView.swift */ = {isa = PBXFileReference; lastKnownFileType = sourcecode.swift; path = ListView.swift; sourceTree = "<group>"; };
		68FD5C562BC3DC600063E785 /* SearchView.swift */ = {isa = PBXFileReference; lastKnownFileType = sourcecode.swift; path = SearchView.swift; sourceTree = "<group>"; };
		68FD5C582BC3DC820063E785 /* InputView.swift */ = {isa = PBXFileReference; lastKnownFileType = sourcecode.swift; path = InputView.swift; sourceTree = "<group>"; };
/* End PBXFileReference section */

/* Begin PBXFrameworksBuildPhase section */
		6812CC582BBE925200B6AE3F /* Frameworks */ = {
			isa = PBXFrameworksBuildPhase;
			buildActionMask = 2147483647;
			files = (
			);
			runOnlyForDeploymentPostprocessing = 0;
		};
		6812CC692BBE925300B6AE3F /* Frameworks */ = {
			isa = PBXFrameworksBuildPhase;
			buildActionMask = 2147483647;
			files = (
			);
			runOnlyForDeploymentPostprocessing = 0;
		};
/* End PBXFrameworksBuildPhase section */

/* Begin PBXGroup section */
		6812CC522BBE925200B6AE3F = {
			isa = PBXGroup;
			children = (
				6812CC5D2BBE925200B6AE3F /* ios */,
				6812CC6F2BBE925300B6AE3F /* iosTests */,
				6812CC5C2BBE925200B6AE3F /* Products */,
			);
			sourceTree = "<group>";
		};
		6812CC5C2BBE925200B6AE3F /* Products */ = {
			isa = PBXGroup;
			children = (
				6812CC5B2BBE925200B6AE3F /* ios.app */,
				6812CC6C2BBE925300B6AE3F /* iosTests.xctest */,
			);
			name = Products;
			sourceTree = "<group>";
		};
		6812CC5D2BBE925200B6AE3F /* ios */ = {
			isa = PBXGroup;
			children = (
				68FD5C522BC3A6B30063E785 /* module */,
				68FD5C4E2BC3A6380063E785 /* ui */,
				6812CC5E2BBE925200B6AE3F /* iosApp.swift */,
				6812CC622BBE925300B6AE3F /* Assets.xcassets */,
				6812CC642BBE925300B6AE3F /* ios.entitlements */,
				6812CC652BBE925300B6AE3F /* Preview Content */,
			);
			path = ios;
			sourceTree = "<group>";
		};
		6812CC652BBE925300B6AE3F /* Preview Content */ = {
			isa = PBXGroup;
			children = (
				6812CC662BBE925300B6AE3F /* Preview Assets.xcassets */,
			);
			path = "Preview Content";
			sourceTree = "<group>";
		};
		6812CC6F2BBE925300B6AE3F /* iosTests */ = {
			isa = PBXGroup;
			children = (
				6812CC962BBE937E00B6AE3F /* ProductUseCaseTest.swift */,
			);
			path = iosTests;
			sourceTree = "<group>";
		};
		6812CC8A2BBE92BA00B6AE3F /* model */ = {
			isa = PBXGroup;
			children = (
				6812CC892BBE92BA00B6AE3F /* Product.swift */,
				6812CC982BBE944600B6AE3F /* ProductInput.swift */,
			);
			path = model;
			sourceTree = "<group>";
		};
		6812CC8D2BBE92BA00B6AE3F /* repository */ = {
			isa = PBXGroup;
			children = (
				6812CC8B2BBE92BA00B6AE3F /* MemoryProductRepository.swift */,
				6812CC8C2BBE92BA00B6AE3F /* ProductRepository.swift */,
			);
			path = repository;
			sourceTree = "<group>";
		};
		6812CC902BBE92BA00B6AE3F /* usecase */ = {
			isa = PBXGroup;
			children = (
				68FD5C4C2BC3776E0063E785 /* ProductInputState.swift */,
				6812CC8E2BBE92BA00B6AE3F /* ProductUseCase.swift */,
				6812CC8F2BBE92BA00B6AE3F /* ProductUseCaseImpl.swift */,
			);
			path = usecase;
			sourceTree = "<group>";
		};
		68FD5C4E2BC3A6380063E785 /* ui */ = {
			isa = PBXGroup;
			children = (
				68FD5C4F2BC3A6410063E785 /* product */,
			);
			path = ui;
			sourceTree = "<group>";
		};
		68FD5C4F2BC3A6410063E785 /* product */ = {
			isa = PBXGroup;
			children = (
				68FD5C512BC3A6950063E785 /* view */,
				6812CC902BBE92BA00B6AE3F /* usecase */,
				6812CC602BBE925200B6AE3F /* ContentContainer.swift */,
			);
			path = product;
			sourceTree = "<group>";
		};
		68FD5C512BC3A6950063E785 /* view */ = {
			isa = PBXGroup;
			children = (
				68FD5C542BC3DC260063E785 /* ListView.swift */,
				68FD5C562BC3DC600063E785 /* SearchView.swift */,
				68FD5C582BC3DC820063E785 /* InputView.swift */,
			);
			path = view;
			sourceTree = "<group>";
		};
		68FD5C522BC3A6B30063E785 /* module */ = {
			isa = PBXGroup;
			children = (
				68FD5C532BC3A6D10063E785 /* product */,
			);
			path = module;
			sourceTree = "<group>";
		};
		68FD5C532BC3A6D10063E785 /* product */ = {
			isa = PBXGroup;
			children = (
				6812CC8A2BBE92BA00B6AE3F /* model */,
				6812CC8D2BBE92BA00B6AE3F /* repository */,
			);
			path = product;
			sourceTree = "<group>";
		};
/* End PBXGroup section */

/* Begin PBXNativeTarget section */
		6812CC5A2BBE925200B6AE3F /* ios */ = {
			isa = PBXNativeTarget;
			buildConfigurationList = 6812CC802BBE925300B6AE3F /* Build configuration list for PBXNativeTarget "ios" */;
			buildPhases = (
				6812CC572BBE925200B6AE3F /* Sources */,
				6812CC582BBE925200B6AE3F /* Frameworks */,
				6812CC592BBE925200B6AE3F /* Resources */,
			);
			buildRules = (
			);
			dependencies = (
			);
			name = ios;
			productName = ios;
			productReference = 6812CC5B2BBE925200B6AE3F /* ios.app */;
			productType = "com.apple.product-type.application";
		};
		6812CC6B2BBE925300B6AE3F /* iosTests */ = {
			isa = PBXNativeTarget;
			buildConfigurationList = 6812CC832BBE925300B6AE3F /* Build configuration list for PBXNativeTarget "iosTests" */;
			buildPhases = (
				6812CC682BBE925300B6AE3F /* Sources */,
				6812CC692BBE925300B6AE3F /* Frameworks */,
				6812CC6A2BBE925300B6AE3F /* Resources */,
			);
			buildRules = (
			);
			dependencies = (
				6812CC6E2BBE925300B6AE3F /* PBXTargetDependency */,
			);
			name = iosTests;
			productName = iosTests;
			productReference = 6812CC6C2BBE925300B6AE3F /* iosTests.xctest */;
			productType = "com.apple.product-type.bundle.unit-test";
		};
/* End PBXNativeTarget section */

/* Begin PBXProject section */
		6812CC532BBE925200B6AE3F /* Project object */ = {
			isa = PBXProject;
			attributes = {
				BuildIndependentTargetsInParallel = 1;
				LastSwiftUpdateCheck = 1530;
				LastUpgradeCheck = 1530;
				TargetAttributes = {
					6812CC5A2BBE925200B6AE3F = {
						CreatedOnToolsVersion = 15.3;
					};
					6812CC6B2BBE925300B6AE3F = {
						CreatedOnToolsVersion = 15.3;
						TestTargetID = 6812CC5A2BBE925200B6AE3F;
					};
				};
			};
			buildConfigurationList = 6812CC562BBE925200B6AE3F /* Build configuration list for PBXProject "ios" */;
			compatibilityVersion = "Xcode 14.0";
			developmentRegion = en;
			hasScannedForEncodings = 0;
			knownRegions = (
				en,
				Base,
			);
			mainGroup = 6812CC522BBE925200B6AE3F;
			productRefGroup = 6812CC5C2BBE925200B6AE3F /* Products */;
			projectDirPath = "";
			projectRoot = "";
			targets = (
				6812CC5A2BBE925200B6AE3F /* ios */,
				6812CC6B2BBE925300B6AE3F /* iosTests */,
			);
		};
/* End PBXProject section */

/* Begin PBXResourcesBuildPhase section */
		6812CC592BBE925200B6AE3F /* Resources */ = {
			isa = PBXResourcesBuildPhase;
			buildActionMask = 2147483647;
			files = (
				6812CC672BBE925300B6AE3F /* Preview Assets.xcassets in Resources */,
				6812CC632BBE925300B6AE3F /* Assets.xcassets in Resources */,
			);
			runOnlyForDeploymentPostprocessing = 0;
		};
		6812CC6A2BBE925300B6AE3F /* Resources */ = {
			isa = PBXResourcesBuildPhase;
			buildActionMask = 2147483647;
			files = (
			);
			runOnlyForDeploymentPostprocessing = 0;
		};
/* End PBXResourcesBuildPhase section */

/* Begin PBXSourcesBuildPhase section */
		6812CC572BBE925200B6AE3F /* Sources */ = {
			isa = PBXSourcesBuildPhase;
			buildActionMask = 2147483647;
			files = (
				6812CC612BBE925200B6AE3F /* ContentContainer.swift in Sources */,
				6812CC932BBE92BA00B6AE3F /* ProductRepository.swift in Sources */,
				68FD5C552BC3DC260063E785 /* ListView.swift in Sources */,
				6812CC5F2BBE925200B6AE3F /* iosApp.swift in Sources */,
				6812CC942BBE92BA00B6AE3F /* ProductUseCase.swift in Sources */,
				6812CC952BBE92BA00B6AE3F /* ProductUseCaseImpl.swift in Sources */,
				6812CC922BBE92BA00B6AE3F /* MemoryProductRepository.swift in Sources */,
				68FD5C4D2BC3776E0063E785 /* ProductInputState.swift in Sources */,
				6812CC992BBE944600B6AE3F /* ProductInput.swift in Sources */,
				68FD5C592BC3DC820063E785 /* InputView.swift in Sources */,
				6812CC912BBE92BA00B6AE3F /* Product.swift in Sources */,
				68FD5C572BC3DC600063E785 /* SearchView.swift in Sources */,
			);
			runOnlyForDeploymentPostprocessing = 0;
		};
		6812CC682BBE925300B6AE3F /* Sources */ = {
			isa = PBXSourcesBuildPhase;
			buildActionMask = 2147483647;
			files = (
				6812CC972BBE937E00B6AE3F /* ProductUseCaseTest.swift in Sources */,
			);
			runOnlyForDeploymentPostprocessing = 0;
		};
/* End PBXSourcesBuildPhase section */

/* Begin PBXTargetDependency section */
		6812CC6E2BBE925300B6AE3F /* PBXTargetDependency */ = {
			isa = PBXTargetDependency;
			target = 6812CC5A2BBE925200B6AE3F /* ios */;
			targetProxy = 6812CC6D2BBE925300B6AE3F /* PBXContainerItemProxy */;
		};
/* End PBXTargetDependency section */

/* Begin XCBuildConfiguration section */
		6812CC7E2BBE925300B6AE3F /* Debug */ = {
			isa = XCBuildConfiguration;
			buildSettings = {
				ALWAYS_SEARCH_USER_PATHS = NO;
				ASSETCATALOG_COMPILER_GENERATE_SWIFT_ASSET_SYMBOL_EXTENSIONS = YES;
				CLANG_ANALYZER_NONNULL = YES;
				CLANG_ANALYZER_NUMBER_OBJECT_CONVERSION = YES_AGGRESSIVE;
				CLANG_CXX_LANGUAGE_STANDARD = "gnu++20";
				CLANG_ENABLE_MODULES = YES;
				CLANG_ENABLE_OBJC_ARC = YES;
				CLANG_ENABLE_OBJC_WEAK = YES;
				CLANG_WARN_BLOCK_CAPTURE_AUTORELEASING = YES;
				CLANG_WARN_BOOL_CONVERSION = YES;
				CLANG_WARN_COMMA = YES;
				CLANG_WARN_CONSTANT_CONVERSION = YES;
				CLANG_WARN_DEPRECATED_OBJC_IMPLEMENTATIONS = YES;
				CLANG_WARN_DIRECT_OBJC_ISA_USAGE = YES_ERROR;
				CLANG_WARN_DOCUMENTATION_COMMENTS = YES;
				CLANG_WARN_EMPTY_BODY = YES;
				CLANG_WARN_ENUM_CONVERSION = YES;
				CLANG_WARN_INFINITE_RECURSION = YES;
				CLANG_WARN_INT_CONVERSION = YES;
				CLANG_WARN_NON_LITERAL_NULL_CONVERSION = YES;
				CLANG_WARN_OBJC_IMPLICIT_RETAIN_SELF = YES;
				CLANG_WARN_OBJC_LITERAL_CONVERSION = YES;
				CLANG_WARN_OBJC_ROOT_CLASS = YES_ERROR;
				CLANG_WARN_QUOTED_INCLUDE_IN_FRAMEWORK_HEADER = YES;
				CLANG_WARN_RANGE_LOOP_ANALYSIS = YES;
				CLANG_WARN_STRICT_PROTOTYPES = YES;
				CLANG_WARN_SUSPICIOUS_MOVE = YES;
				CLANG_WARN_UNGUARDED_AVAILABILITY = YES_AGGRESSIVE;
				CLANG_WARN_UNREACHABLE_CODE = YES;
				CLANG_WARN__DUPLICATE_METHOD_MATCH = YES;
				COPY_PHASE_STRIP = NO;
				DEBUG_INFORMATION_FORMAT = dwarf;
				ENABLE_STRICT_OBJC_MSGSEND = YES;
				ENABLE_TESTABILITY = YES;
				ENABLE_USER_SCRIPT_SANDBOXING = YES;
				GCC_C_LANGUAGE_STANDARD = gnu17;
				GCC_DYNAMIC_NO_PIC = NO;
				GCC_NO_COMMON_BLOCKS = YES;
				GCC_OPTIMIZATION_LEVEL = 0;
				GCC_PREPROCESSOR_DEFINITIONS = (
					"DEBUG=1",
					"$(inherited)",
				);
				GCC_WARN_64_TO_32_BIT_CONVERSION = YES;
				GCC_WARN_ABOUT_RETURN_TYPE = YES_ERROR;
				GCC_WARN_UNDECLARED_SELECTOR = YES;
				GCC_WARN_UNINITIALIZED_AUTOS = YES_AGGRESSIVE;
				GCC_WARN_UNUSED_FUNCTION = YES;
				GCC_WARN_UNUSED_VARIABLE = YES;
				LOCALIZATION_PREFERS_STRING_CATALOGS = YES;
				MTL_ENABLE_DEBUG_INFO = INCLUDE_SOURCE;
				MTL_FAST_MATH = YES;
				ONLY_ACTIVE_ARCH = YES;
				SWIFT_ACTIVE_COMPILATION_CONDITIONS = "DEBUG $(inherited)";
				SWIFT_OPTIMIZATION_LEVEL = "-Onone";
			};
			name = Debug;
		};
		6812CC7F2BBE925300B6AE3F /* Release */ = {
			isa = XCBuildConfiguration;
			buildSettings = {
				ALWAYS_SEARCH_USER_PATHS = NO;
				ASSETCATALOG_COMPILER_GENERATE_SWIFT_ASSET_SYMBOL_EXTENSIONS = YES;
				CLANG_ANALYZER_NONNULL = YES;
				CLANG_ANALYZER_NUMBER_OBJECT_CONVERSION = YES_AGGRESSIVE;
				CLANG_CXX_LANGUAGE_STANDARD = "gnu++20";
				CLANG_ENABLE_MODULES = YES;
				CLANG_ENABLE_OBJC_ARC = YES;
				CLANG_ENABLE_OBJC_WEAK = YES;
				CLANG_WARN_BLOCK_CAPTURE_AUTORELEASING = YES;
				CLANG_WARN_BOOL_CONVERSION = YES;
				CLANG_WARN_COMMA = YES;
				CLANG_WARN_CONSTANT_CONVERSION = YES;
				CLANG_WARN_DEPRECATED_OBJC_IMPLEMENTATIONS = YES;
				CLANG_WARN_DIRECT_OBJC_ISA_USAGE = YES_ERROR;
				CLANG_WARN_DOCUMENTATION_COMMENTS = YES;
				CLANG_WARN_EMPTY_BODY = YES;
				CLANG_WARN_ENUM_CONVERSION = YES;
				CLANG_WARN_INFINITE_RECURSION = YES;
				CLANG_WARN_INT_CONVERSION = YES;
				CLANG_WARN_NON_LITERAL_NULL_CONVERSION = YES;
				CLANG_WARN_OBJC_IMPLICIT_RETAIN_SELF = YES;
				CLANG_WARN_OBJC_LITERAL_CONVERSION = YES;
				CLANG_WARN_OBJC_ROOT_CLASS = YES_ERROR;
				CLANG_WARN_QUOTED_INCLUDE_IN_FRAMEWORK_HEADER = YES;
				CLANG_WARN_RANGE_LOOP_ANALYSIS = YES;
				CLANG_WARN_STRICT_PROTOTYPES = YES;
				CLANG_WARN_SUSPICIOUS_MOVE = YES;
				CLANG_WARN_UNGUARDED_AVAILABILITY = YES_AGGRESSIVE;
				CLANG_WARN_UNREACHABLE_CODE = YES;
				CLANG_WARN__DUPLICATE_METHOD_MATCH = YES;
				COPY_PHASE_STRIP = NO;
				DEBUG_INFORMATION_FORMAT = "dwarf-with-dsym";
				ENABLE_NS_ASSERTIONS = NO;
				ENABLE_STRICT_OBJC_MSGSEND = YES;
				ENABLE_USER_SCRIPT_SANDBOXING = YES;
				GCC_C_LANGUAGE_STANDARD = gnu17;
				GCC_NO_COMMON_BLOCKS = YES;
				GCC_WARN_64_TO_32_BIT_CONVERSION = YES;
				GCC_WARN_ABOUT_RETURN_TYPE = YES_ERROR;
				GCC_WARN_UNDECLARED_SELECTOR = YES;
				GCC_WARN_UNINITIALIZED_AUTOS = YES_AGGRESSIVE;
				GCC_WARN_UNUSED_FUNCTION = YES;
				GCC_WARN_UNUSED_VARIABLE = YES;
				LOCALIZATION_PREFERS_STRING_CATALOGS = YES;
				MTL_ENABLE_DEBUG_INFO = NO;
				MTL_FAST_MATH = YES;
				SWIFT_COMPILATION_MODE = wholemodule;
			};
			name = Release;
		};
		6812CC812BBE925300B6AE3F /* Debug */ = {
			isa = XCBuildConfiguration;
			buildSettings = {
				ASSETCATALOG_COMPILER_APPICON_NAME = AppIcon;
				ASSETCATALOG_COMPILER_GLOBAL_ACCENT_COLOR_NAME = AccentColor;
				CODE_SIGN_ENTITLEMENTS = ios/ios.entitlements;
				CODE_SIGN_STYLE = Automatic;
				CURRENT_PROJECT_VERSION = 1;
				DEVELOPMENT_ASSET_PATHS = "\"ios/Preview Content\"";
				ENABLE_PREVIEWS = YES;
				GENERATE_INFOPLIST_FILE = YES;
				"INFOPLIST_KEY_UIApplicationSceneManifest_Generation[sdk=iphoneos*]" = YES;
				"INFOPLIST_KEY_UIApplicationSceneManifest_Generation[sdk=iphonesimulator*]" = YES;
				"INFOPLIST_KEY_UIApplicationSupportsIndirectInputEvents[sdk=iphoneos*]" = YES;
				"INFOPLIST_KEY_UIApplicationSupportsIndirectInputEvents[sdk=iphonesimulator*]" = YES;
				"INFOPLIST_KEY_UILaunchScreen_Generation[sdk=iphoneos*]" = YES;
				"INFOPLIST_KEY_UILaunchScreen_Generation[sdk=iphonesimulator*]" = YES;
				"INFOPLIST_KEY_UIStatusBarStyle[sdk=iphoneos*]" = UIStatusBarStyleDefault;
				"INFOPLIST_KEY_UIStatusBarStyle[sdk=iphonesimulator*]" = UIStatusBarStyleDefault;
				INFOPLIST_KEY_UISupportedInterfaceOrientations_iPad = "UIInterfaceOrientationPortrait UIInterfaceOrientationPortraitUpsideDown UIInterfaceOrientationLandscapeLeft UIInterfaceOrientationLandscapeRight";
				INFOPLIST_KEY_UISupportedInterfaceOrientations_iPhone = "UIInterfaceOrientationPortrait UIInterfaceOrientationLandscapeLeft UIInterfaceOrientationLandscapeRight";
				IPHONEOS_DEPLOYMENT_TARGET = 17.4;
				LD_RUNPATH_SEARCH_PATHS = "@executable_path/Frameworks";
				"LD_RUNPATH_SEARCH_PATHS[sdk=macosx*]" = "@executable_path/../Frameworks";
				MACOSX_DEPLOYMENT_TARGET = 14.4;
				MARKETING_VERSION = 1.0;
				PRODUCT_BUNDLE_IDENTIFIER = ksi.ios;
				PRODUCT_NAME = "$(TARGET_NAME)";
				SDKROOT = auto;
				SUPPORTED_PLATFORMS = "iphoneos iphonesimulator macosx";
				SWIFT_EMIT_LOC_STRINGS = YES;
				SWIFT_VERSION = 5.0;
				TARGETED_DEVICE_FAMILY = "1,2";
			};
			name = Debug;
		};
		6812CC822BBE925300B6AE3F /* Release */ = {
			isa = XCBuildConfiguration;
			buildSettings = {
				ASSETCATALOG_COMPILER_APPICON_NAME = AppIcon;
				ASSETCATALOG_COMPILER_GLOBAL_ACCENT_COLOR_NAME = AccentColor;
				CODE_SIGN_ENTITLEMENTS = ios/ios.entitlements;
				CODE_SIGN_STYLE = Automatic;
				CURRENT_PROJECT_VERSION = 1;
				DEVELOPMENT_ASSET_PATHS = "\"ios/Preview Content\"";
				ENABLE_PREVIEWS = YES;
				GENERATE_INFOPLIST_FILE = YES;
				"INFOPLIST_KEY_UIApplicationSceneManifest_Generation[sdk=iphoneos*]" = YES;
				"INFOPLIST_KEY_UIApplicationSceneManifest_Generation[sdk=iphonesimulator*]" = YES;
				"INFOPLIST_KEY_UIApplicationSupportsIndirectInputEvents[sdk=iphoneos*]" = YES;
				"INFOPLIST_KEY_UIApplicationSupportsIndirectInputEvents[sdk=iphonesimulator*]" = YES;
				"INFOPLIST_KEY_UILaunchScreen_Generation[sdk=iphoneos*]" = YES;
				"INFOPLIST_KEY_UILaunchScreen_Generation[sdk=iphonesimulator*]" = YES;
				"INFOPLIST_KEY_UIStatusBarStyle[sdk=iphoneos*]" = UIStatusBarStyleDefault;
				"INFOPLIST_KEY_UIStatusBarStyle[sdk=iphonesimulator*]" = UIStatusBarStyleDefault;
				INFOPLIST_KEY_UISupportedInterfaceOrientations_iPad = "UIInterfaceOrientationPortrait UIInterfaceOrientationPortraitUpsideDown UIInterfaceOrientationLandscapeLeft UIInterfaceOrientationLandscapeRight";
				INFOPLIST_KEY_UISupportedInterfaceOrientations_iPhone = "UIInterfaceOrientationPortrait UIInterfaceOrientationLandscapeLeft UIInterfaceOrientationLandscapeRight";
				IPHONEOS_DEPLOYMENT_TARGET = 17.4;
				LD_RUNPATH_SEARCH_PATHS = "@executable_path/Frameworks";
				"LD_RUNPATH_SEARCH_PATHS[sdk=macosx*]" = "@executable_path/../Frameworks";
				MACOSX_DEPLOYMENT_TARGET = 14.4;
				MARKETING_VERSION = 1.0;
				PRODUCT_BUNDLE_IDENTIFIER = ksi.ios;
				PRODUCT_NAME = "$(TARGET_NAME)";
				SDKROOT = auto;
				SUPPORTED_PLATFORMS = "iphoneos iphonesimulator macosx";
				SWIFT_EMIT_LOC_STRINGS = YES;
				SWIFT_VERSION = 5.0;
				TARGETED_DEVICE_FAMILY = "1,2";
			};
			name = Release;
		};
		6812CC842BBE925300B6AE3F /* Debug */ = {
			isa = XCBuildConfiguration;
			buildSettings = {
				ALWAYS_EMBED_SWIFT_STANDARD_LIBRARIES = YES;
				BUNDLE_LOADER = "$(TEST_HOST)";
				CODE_SIGN_STYLE = Automatic;
				CURRENT_PROJECT_VERSION = 1;
				GENERATE_INFOPLIST_FILE = YES;
				IPHONEOS_DEPLOYMENT_TARGET = 17.4;
				MACOSX_DEPLOYMENT_TARGET = 14.4;
				MARKETING_VERSION = 1.0;
				PRODUCT_BUNDLE_IDENTIFIER = ksi.iosTests;
				PRODUCT_NAME = "$(TARGET_NAME)";
				SDKROOT = auto;
				SUPPORTED_PLATFORMS = "iphoneos iphonesimulator macosx";
				SWIFT_EMIT_LOC_STRINGS = NO;
				SWIFT_VERSION = 5.0;
				TARGETED_DEVICE_FAMILY = "1,2";
				TEST_HOST = "$(BUILT_PRODUCTS_DIR)/ios.app/$(BUNDLE_EXECUTABLE_FOLDER_PATH)/ios";
			};
			name = Debug;
		};
		6812CC852BBE925300B6AE3F /* Release */ = {
			isa = XCBuildConfiguration;
			buildSettings = {
				ALWAYS_EMBED_SWIFT_STANDARD_LIBRARIES = YES;
				BUNDLE_LOADER = "$(TEST_HOST)";
				CODE_SIGN_STYLE = Automatic;
				CURRENT_PROJECT_VERSION = 1;
				GENERATE_INFOPLIST_FILE = YES;
				IPHONEOS_DEPLOYMENT_TARGET = 17.4;
				MACOSX_DEPLOYMENT_TARGET = 14.4;
				MARKETING_VERSION = 1.0;
				PRODUCT_BUNDLE_IDENTIFIER = ksi.iosTests;
				PRODUCT_NAME = "$(TARGET_NAME)";
				SDKROOT = auto;
				SUPPORTED_PLATFORMS = "iphoneos iphonesimulator macosx";
				SWIFT_EMIT_LOC_STRINGS = NO;
				SWIFT_VERSION = 5.0;
				TARGETED_DEVICE_FAMILY = "1,2";
				TEST_HOST = "$(BUILT_PRODUCTS_DIR)/ios.app/$(BUNDLE_EXECUTABLE_FOLDER_PATH)/ios";
			};
			name = Release;
		};
/* End XCBuildConfiguration section */

/* Begin XCConfigurationList section */
		6812CC562BBE925200B6AE3F /* Build configuration list for PBXProject "ios" */ = {
			isa = XCConfigurationList;
			buildConfigurations = (
				6812CC7E2BBE925300B6AE3F /* Debug */,
				6812CC7F2BBE925300B6AE3F /* Release */,
			);
			defaultConfigurationIsVisible = 0;
			defaultConfigurationName = Release;
		};
		6812CC802BBE925300B6AE3F /* Build configuration list for PBXNativeTarget "ios" */ = {
			isa = XCConfigurationList;
			buildConfigurations = (
				6812CC812BBE925300B6AE3F /* Debug */,
				6812CC822BBE925300B6AE3F /* Release */,
			);
			defaultConfigurationIsVisible = 0;
			defaultConfigurationName = Release;
		};
		6812CC832BBE925300B6AE3F /* Build configuration list for PBXNativeTarget "iosTests" */ = {
			isa = XCConfigurationList;
			buildConfigurations = (
				6812CC842BBE925300B6AE3F /* Debug */,
				6812CC852BBE925300B6AE3F /* Release */,
			);
			defaultConfigurationIsVisible = 0;
			defaultConfigurationName = Release;
		};
/* End XCConfigurationList section */
	};
	rootObject = 6812CC532BBE925200B6AE3F /* Project object */;
}
